
Microsoft Visual Studio Solution File, Format Version 12.00
# Visual Studio Version 16
VisualStudioVersion = 16.0.31729.503
MinimumVisualStudioVersion = 10.0.40219.1
Project("{FAE04EC0-301F-11D3-BF4B-00C04F79EFBC}") = "DevOpsAssingment 1", "DevOpsAssingment 1\DevOpsAssingment 1.csproj", "{804038E2-034F-415A-9E85-1E184E0C7BC3}"
EndProject
Global
	GlobalSection(SolutionConfigurationPlatforms) = preSolution
		Debug|Any CPU = Debug|Any CPU
		Release|Any CPU = Release|Any CPU
	EndGlobalSection
	GlobalSection(ProjectConfigurationPlatforms) = postSolution
		{804038E2-034F-415A-9E85-1E184E0C7BC3}.Debug|Any CPU.ActiveCfg = Debug|Any CPU
		{804038E2-034F-415A-9E85-1E184E0C7BC3}.Debug|Any CPU.Build.0 = Debug|Any CPU
		{804038E2-034F-415A-9E85-1E184E0C7BC3}.Release|Any CPU.ActiveCfg = Release|Any CPU
		{804038E2-034F-415A-9E85-1E184E0C7BC3}.Release|Any CPU.Build.0 = Release|Any CPU
	EndGlobalSection
	GlobalSection(SolutionProperties) = preSolution
		HideSolutionNode = FALSE
	EndGlobalSection
	GlobalSection(ExtensibilityGlobals) = postSolution
		SolutionGuid = {D528FCE8-20EB-40A3-9DD3-EB0ED7845329}
	EndGlobalSection
EndGlobal
